// !$*UTF8*$!
{
	archiveVersion = 1;
	classes = {
	};
	objectVersion = 46;
	objects = {

/* Begin PBXBuildFile section */
		F2480FA014CC7B5C00882065 /* CoreLocation.framework in Frameworks */ = {isa = PBXBuildFile; fileRef = F2480F9F14CC7B5C00882065 /* CoreLocation.framework */; };
		F26474C514CA06D600D392BE /* route.png in Resources */ = {isa = PBXBuildFile; fileRef = F26474C414CA06D600D392BE /* route.png */; };
		F26474C814CA06E200D392BE /* location.png in Resources */ = {isa = PBXBuildFile; fileRef = F26474C714CA06E200D392BE /* location.png */; };
		F26474CA14CA06F200D392BE /* map-marker.png in Resources */ = {isa = PBXBuildFile; fileRef = F26474C914CA06F200D392BE /* map-marker.png */; };
		F26474CC14CA070000D392BE /* map.png in Resources */ = {isa = PBXBuildFile; fileRef = F26474CB14CA070000D392BE /* map.png */; };
		F26474CE14CA076200D392BE /* water.png in Resources */ = {isa = PBXBuildFile; fileRef = F26474CD14CA076200D392BE /* water.png */; };
		F2755A9614CF01E200FE92D3 /* Helper.m in Sources */ = {isa = PBXBuildFile; fileRef = F2755A9514CF01E200FE92D3 /* Helper.m */; };
		F27DCD6B14C5FAED00EC38FF /* icon.jpg in Resources */ = {isa = PBXBuildFile; fileRef = F27DCD6A14C5FAED00EC38FF /* icon.jpg */; };
		F282C11814A1E7EB00E6E619 /* UIKit.framework in Frameworks */ = {isa = PBXBuildFile; fileRef = F282C11714A1E7EB00E6E619 /* UIKit.framework */; };
		F282C11A14A1E7EB00E6E619 /* Foundation.framework in Frameworks */ = {isa = PBXBuildFile; fileRef = F282C11914A1E7EB00E6E619 /* Foundation.framework */; };
		F282C11C14A1E7EB00E6E619 /* CoreGraphics.framework in Frameworks */ = {isa = PBXBuildFile; fileRef = F282C11B14A1E7EB00E6E619 /* CoreGraphics.framework */; };
		F282C12214A1E7EB00E6E619 /* InfoPlist.strings in Resources */ = {isa = PBXBuildFile; fileRef = F282C12014A1E7EB00E6E619 /* InfoPlist.strings */; };
		F282C12414A1E7EB00E6E619 /* main.m in Sources */ = {isa = PBXBuildFile; fileRef = F282C12314A1E7EB00E6E619 /* main.m */; };
		F282C12814A1E7EB00E6E619 /* AppDelegate.m in Sources */ = {isa = PBXBuildFile; fileRef = F282C12714A1E7EB00E6E619 /* AppDelegate.m */; };
		F282C12B14A1E7EB00E6E619 /* MainStoryboard_iPhone.storyboard in Resources */ = {isa = PBXBuildFile; fileRef = F282C12914A1E7EB00E6E619 /* MainStoryboard_iPhone.storyboard */; };
		F282C12E14A1E7EC00E6E619 /* MainStoryboard_iPad.storyboard in Resources */ = {isa = PBXBuildFile; fileRef = F282C12C14A1E7EB00E6E619 /* MainStoryboard_iPad.storyboard */; };
		F282C13114A1E7EC00E6E619 /* ViewController.m in Sources */ = {isa = PBXBuildFile; fileRef = F282C13014A1E7EC00E6E619 /* ViewController.m */; };
		F282C13814A1EB8C00E6E619 /* MapKit.framework in Frameworks */ = {isa = PBXBuildFile; fileRef = F282C13714A1EB8C00E6E619 /* MapKit.framework */; };
		F288525514CC4CC800C5A0FC /* NSObject+SBJson.m in Sources */ = {isa = PBXBuildFile; fileRef = F288523D14CC4CC800C5A0FC /* NSObject+SBJson.m */; };
		F288525614CC4CC800C5A0FC /* SBJsonParser.m in Sources */ = {isa = PBXBuildFile; fileRef = F288524014CC4CC800C5A0FC /* SBJsonParser.m */; };
		F288525714CC4CC800C5A0FC /* SBJsonStreamParser.m in Sources */ = {isa = PBXBuildFile; fileRef = F288524214CC4CC800C5A0FC /* SBJsonStreamParser.m */; };
		F288525814CC4CC800C5A0FC /* SBJsonStreamParserAccumulator.m in Sources */ = {isa = PBXBuildFile; fileRef = F288524414CC4CC800C5A0FC /* SBJsonStreamParserAccumulator.m */; };
		F288525914CC4CC800C5A0FC /* SBJsonStreamParserAdapter.m in Sources */ = {isa = PBXBuildFile; fileRef = F288524614CC4CC800C5A0FC /* SBJsonStreamParserAdapter.m */; };
		F288525A14CC4CC800C5A0FC /* SBJsonStreamParserState.m in Sources */ = {isa = PBXBuildFile; fileRef = F288524814CC4CC800C5A0FC /* SBJsonStreamParserState.m */; };
		F288525B14CC4CC800C5A0FC /* SBJsonStreamWriter.m in Sources */ = {isa = PBXBuildFile; fileRef = F288524A14CC4CC800C5A0FC /* SBJsonStreamWriter.m */; };
		F288525C14CC4CC800C5A0FC /* SBJsonStreamWriterAccumulator.m in Sources */ = {isa = PBXBuildFile; fileRef = F288524C14CC4CC800C5A0FC /* SBJsonStreamWriterAccumulator.m */; };
		F288525D14CC4CC800C5A0FC /* SBJsonStreamWriterState.m in Sources */ = {isa = PBXBuildFile; fileRef = F288524E14CC4CC800C5A0FC /* SBJsonStreamWriterState.m */; };
		F288525E14CC4CC800C5A0FC /* SBJsonTokeniser.m in Sources */ = {isa = PBXBuildFile; fileRef = F288525014CC4CC800C5A0FC /* SBJsonTokeniser.m */; };
		F288525F14CC4CC800C5A0FC /* SBJsonUTF8Stream.m in Sources */ = {isa = PBXBuildFile; fileRef = F288525214CC4CC800C5A0FC /* SBJsonUTF8Stream.m */; };
		F288526014CC4CC800C5A0FC /* SBJsonWriter.m in Sources */ = {isa = PBXBuildFile; fileRef = F288525414CC4CC800C5A0FC /* SBJsonWriter.m */; };
		F28AA4EF14E127B4003F9EFD /* fontains.plist in Resources */ = {isa = PBXBuildFile; fileRef = F28AA4EE14E127B4003F9EFD /* fontains.plist */; };
		F2BE345914CEC3FE00775CA2 /* Route.m in Sources */ = {isa = PBXBuildFile; fileRef = F2BE345814CEC3FE00775CA2 /* Route.m */; };
		F2BE345D14CEC6BF00775CA2 /* Annotation.m in Sources */ = {isa = PBXBuildFile; fileRef = F2BE345C14CEC6BF00775CA2 /* Annotation.m */; };
/* End PBXBuildFile section */

/* Begin PBXFileReference section */
		F2480F9F14CC7B5C00882065 /* CoreLocation.framework */ = {isa = PBXFileReference; lastKnownFileType = wrapper.framework; name = CoreLocation.framework; path = System/Library/Frameworks/CoreLocation.framework; sourceTree = SDKROOT; };
		F26474C414CA06D600D392BE /* route.png */ = {isa = PBXFileReference; lastKnownFileType = image.png; path = route.png; sourceTree = "<group>"; };
		F26474C714CA06E200D392BE /* location.png */ = {isa = PBXFileReference; lastKnownFileType = image.png; path = location.png; sourceTree = "<group>"; };
		F26474C914CA06F200D392BE /* map-marker.png */ = {isa = PBXFileReference; lastKnownFileType = image.png; path = "map-marker.png"; sourceTree = "<group>"; };
		F26474CB14CA070000D392BE /* map.png */ = {isa = PBXFileReference; lastKnownFileType = image.png; path = map.png; sourceTree = "<group>"; };
		F26474CD14CA076200D392BE /* water.png */ = {isa = PBXFileReference; lastKnownFileType = image.png; path = water.png; sourceTree = "<group>"; };
		F2755A9414CF01E200FE92D3 /* Helper.h */ = {isa = PBXFileReference; fileEncoding = 4; lastKnownFileType = sourcecode.c.h; path = Helper.h; sourceTree = "<group>"; };
		F2755A9514CF01E200FE92D3 /* Helper.m */ = {isa = PBXFileReference; fileEncoding = 4; lastKnownFileType = sourcecode.c.objc; path = Helper.m; sourceTree = "<group>"; };
		F27DCD6A14C5FAED00EC38FF /* icon.jpg */ = {isa = PBXFileReference; lastKnownFileType = image.jpeg; path = icon.jpg; sourceTree = "<group>"; };
		F282C11314A1E7EB00E6E619 /* Trinkwasserbrunnen.app */ = {isa = PBXFileReference; explicitFileType = wrapper.application; includeInIndex = 0; path = Trinkwasserbrunnen.app; sourceTree = BUILT_PRODUCTS_DIR; };
		F282C11714A1E7EB00E6E619 /* UIKit.framework */ = {isa = PBXFileReference; lastKnownFileType = wrapper.framework; name = UIKit.framework; path = System/Library/Frameworks/UIKit.framework; sourceTree = SDKROOT; };
		F282C11914A1E7EB00E6E619 /* Foundation.framework */ = {isa = PBXFileReference; lastKnownFileType = wrapper.framework; name = Foundation.framework; path = System/Library/Frameworks/Foundation.framework; sourceTree = SDKROOT; };
		F282C11B14A1E7EB00E6E619 /* CoreGraphics.framework */ = {isa = PBXFileReference; lastKnownFileType = wrapper.framework; name = CoreGraphics.framework; path = System/Library/Frameworks/CoreGraphics.framework; sourceTree = SDKROOT; };
		F282C11F14A1E7EB00E6E619 /* Trinkwasserbrunnen-Info.plist */ = {isa = PBXFileReference; lastKnownFileType = text.plist.xml; path = "Trinkwasserbrunnen-Info.plist"; sourceTree = "<group>"; };
		F282C12114A1E7EB00E6E619 /* en */ = {isa = PBXFileReference; lastKnownFileType = text.plist.strings; name = en; path = en.lproj/InfoPlist.strings; sourceTree = "<group>"; };
		F282C12314A1E7EB00E6E619 /* main.m */ = {isa = PBXFileReference; lastKnownFileType = sourcecode.c.objc; path = main.m; sourceTree = "<group>"; };
		F282C12514A1E7EB00E6E619 /* Trinkwasserbrunnen-Prefix.pch */ = {isa = PBXFileReference; lastKnownFileType = sourcecode.c.h; path = "Trinkwasserbrunnen-Prefix.pch"; sourceTree = "<group>"; };
		F282C12614A1E7EB00E6E619 /* AppDelegate.h */ = {isa = PBXFileReference; lastKnownFileType = sourcecode.c.h; path = AppDelegate.h; sourceTree = "<group>"; };
		F282C12714A1E7EB00E6E619 /* AppDelegate.m */ = {isa = PBXFileReference; lastKnownFileType = sourcecode.c.objc; path = AppDelegate.m; sourceTree = "<group>"; };
		F282C12A14A1E7EB00E6E619 /* en */ = {isa = PBXFileReference; lastKnownFileType = file.storyboard; name = en; path = en.lproj/MainStoryboard_iPhone.storyboard; sourceTree = "<group>"; };
		F282C12D14A1E7EC00E6E619 /* en */ = {isa = PBXFileReference; lastKnownFileType = file.storyboard; name = en; path = en.lproj/MainStoryboard_iPad.storyboard; sourceTree = "<group>"; };
		F282C12F14A1E7EC00E6E619 /* ViewController.h */ = {isa = PBXFileReference; lastKnownFileType = sourcecode.c.h; path = ViewController.h; sourceTree = "<group>"; };
		F282C13014A1E7EC00E6E619 /* ViewController.m */ = {isa = PBXFileReference; lastKnownFileType = sourcecode.c.objc; path = ViewController.m; sourceTree = "<group>"; };
		F282C13714A1EB8C00E6E619 /* MapKit.framework */ = {isa = PBXFileReference; lastKnownFileType = wrapper.framework; name = MapKit.framework; path = System/Library/Frameworks/MapKit.framework; sourceTree = SDKROOT; };
		F288523C14CC4CC800C5A0FC /* NSObject+SBJson.h */ = {isa = PBXFileReference; fileEncoding = 4; lastKnownFileType = sourcecode.c.h; path = "NSObject+SBJson.h"; sourceTree = "<group>"; };
		F288523D14CC4CC800C5A0FC /* NSObject+SBJson.m */ = {isa = PBXFileReference; fileEncoding = 4; lastKnownFileType = sourcecode.c.objc; path = "NSObject+SBJson.m"; sourceTree = "<group>"; };
		F288523E14CC4CC800C5A0FC /* SBJson.h */ = {isa = PBXFileReference; fileEncoding = 4; lastKnownFileType = sourcecode.c.h; path = SBJson.h; sourceTree = "<group>"; };
		F288523F14CC4CC800C5A0FC /* SBJsonParser.h */ = {isa = PBXFileReference; fileEncoding = 4; lastKnownFileType = sourcecode.c.h; path = SBJsonParser.h; sourceTree = "<group>"; };
		F288524014CC4CC800C5A0FC /* SBJsonParser.m */ = {isa = PBXFileReference; fileEncoding = 4; lastKnownFileType = sourcecode.c.objc; path = SBJsonParser.m; sourceTree = "<group>"; };
		F288524114CC4CC800C5A0FC /* SBJsonStreamParser.h */ = {isa = PBXFileReference; fileEncoding = 4; lastKnownFileType = sourcecode.c.h; path = SBJsonStreamParser.h; sourceTree = "<group>"; };
		F288524214CC4CC800C5A0FC /* SBJsonStreamParser.m */ = {isa = PBXFileReference; fileEncoding = 4; lastKnownFileType = sourcecode.c.objc; path = SBJsonStreamParser.m; sourceTree = "<group>"; };
		F288524314CC4CC800C5A0FC /* SBJsonStreamParserAccumulator.h */ = {isa = PBXFileReference; fileEncoding = 4; lastKnownFileType = sourcecode.c.h; path = SBJsonStreamParserAccumulator.h; sourceTree = "<group>"; };
		F288524414CC4CC800C5A0FC /* SBJsonStreamParserAccumulator.m */ = {isa = PBXFileReference; fileEncoding = 4; lastKnownFileType = sourcecode.c.objc; path = SBJsonStreamParserAccumulator.m; sourceTree = "<group>"; };
		F288524514CC4CC800C5A0FC /* SBJsonStreamParserAdapter.h */ = {isa = PBXFileReference; fileEncoding = 4; lastKnownFileType = sourcecode.c.h; path = SBJsonStreamParserAdapter.h; sourceTree = "<group>"; };
		F288524614CC4CC800C5A0FC /* SBJsonStreamParserAdapter.m */ = {isa = PBXFileReference; fileEncoding = 4; lastKnownFileType = sourcecode.c.objc; path = SBJsonStreamParserAdapter.m; sourceTree = "<group>"; };
		F288524714CC4CC800C5A0FC /* SBJsonStreamParserState.h */ = {isa = PBXFileReference; fileEncoding = 4; lastKnownFileType = sourcecode.c.h; path = SBJsonStreamParserState.h; sourceTree = "<group>"; };
		F288524814CC4CC800C5A0FC /* SBJsonStreamParserState.m */ = {isa = PBXFileReference; fileEncoding = 4; lastKnownFileType = sourcecode.c.objc; path = SBJsonStreamParserState.m; sourceTree = "<group>"; };
		F288524914CC4CC800C5A0FC /* SBJsonStreamWriter.h */ = {isa = PBXFileReference; fileEncoding = 4; lastKnownFileType = sourcecode.c.h; path = SBJsonStreamWriter.h; sourceTree = "<group>"; };
		F288524A14CC4CC800C5A0FC /* SBJsonStreamWriter.m */ = {isa = PBXFileReference; fileEncoding = 4; lastKnownFileType = sourcecode.c.objc; path = SBJsonStreamWriter.m; sourceTree = "<group>"; };
		F288524B14CC4CC800C5A0FC /* SBJsonStreamWriterAccumulator.h */ = {isa = PBXFileReference; fileEncoding = 4; lastKnownFileType = sourcecode.c.h; path = SBJsonStreamWriterAccumulator.h; sourceTree = "<group>"; };
		F288524C14CC4CC800C5A0FC /* SBJsonStreamWriterAccumulator.m */ = {isa = PBXFileReference; fileEncoding = 4; lastKnownFileType = sourcecode.c.objc; path = SBJsonStreamWriterAccumulator.m; sourceTree = "<group>"; };
		F288524D14CC4CC800C5A0FC /* SBJsonStreamWriterState.h */ = {isa = PBXFileReference; fileEncoding = 4; lastKnownFileType = sourcecode.c.h; path = SBJsonStreamWriterState.h; sourceTree = "<group>"; };
		F288524E14CC4CC800C5A0FC /* SBJsonStreamWriterState.m */ = {isa = PBXFileReference; fileEncoding = 4; lastKnownFileType = sourcecode.c.objc; path = SBJsonStreamWriterState.m; sourceTree = "<group>"; };
		F288524F14CC4CC800C5A0FC /* SBJsonTokeniser.h */ = {isa = PBXFileReference; fileEncoding = 4; lastKnownFileType = sourcecode.c.h; path = SBJsonTokeniser.h; sourceTree = "<group>"; };
		F288525014CC4CC800C5A0FC /* SBJsonTokeniser.m */ = {isa = PBXFileReference; fileEncoding = 4; lastKnownFileType = sourcecode.c.objc; path = SBJsonTokeniser.m; sourceTree = "<group>"; };
		F288525114CC4CC800C5A0FC /* SBJsonUTF8Stream.h */ = {isa = PBXFileReference; fileEncoding = 4; lastKnownFileType = sourcecode.c.h; path = SBJsonUTF8Stream.h; sourceTree = "<group>"; };
		F288525214CC4CC800C5A0FC /* SBJsonUTF8Stream.m */ = {isa = PBXFileReference; fileEncoding = 4; lastKnownFileType = sourcecode.c.objc; path = SBJsonUTF8Stream.m; sourceTree = "<group>"; };
		F288525314CC4CC800C5A0FC /* SBJsonWriter.h */ = {isa = PBXFileReference; fileEncoding = 4; lastKnownFileType = sourcecode.c.h; path = SBJsonWriter.h; sourceTree = "<group>"; };
		F288525414CC4CC800C5A0FC /* SBJsonWriter.m */ = {isa = PBXFileReference; fileEncoding = 4; lastKnownFileType = sourcecode.c.objc; path = SBJsonWriter.m; sourceTree = "<group>"; };
		F28AA4EE14E127B4003F9EFD /* fontains.plist */ = {isa = PBXFileReference; fileEncoding = 4; lastKnownFileType = text.plist.xml; path = fontains.plist; sourceTree = "<group>"; };
		F2BE345714CEC3FE00775CA2 /* Route.h */ = {isa = PBXFileReference; fileEncoding = 4; lastKnownFileType = sourcecode.c.h; path = Route.h; sourceTree = "<group>"; };
		F2BE345814CEC3FE00775CA2 /* Route.m */ = {isa = PBXFileReference; fileEncoding = 4; lastKnownFileType = sourcecode.c.objc; path = Route.m; sourceTree = "<group>"; };
		F2BE345B14CEC6BF00775CA2 /* Annotation.h */ = {isa = PBXFileReference; fileEncoding = 4; lastKnownFileType = sourcecode.c.h; path = Annotation.h; sourceTree = "<group>"; };
		F2BE345C14CEC6BF00775CA2 /* Annotation.m */ = {isa = PBXFileReference; fileEncoding = 4; lastKnownFileType = sourcecode.c.objc; path = Annotation.m; sourceTree = "<group>"; };
/* End PBXFileReference section */

/* Begin PBXFrameworksBuildPhase section */
		F282C11014A1E7EB00E6E619 /* Frameworks */ = {
			isa = PBXFrameworksBuildPhase;
			buildActionMask = 2147483647;
			files = (
				F2480FA014CC7B5C00882065 /* CoreLocation.framework in Frameworks */,
				F282C13814A1EB8C00E6E619 /* MapKit.framework in Frameworks */,
				F282C11814A1E7EB00E6E619 /* UIKit.framework in Frameworks */,
				F282C11A14A1E7EB00E6E619 /* Foundation.framework in Frameworks */,
				F282C11C14A1E7EB00E6E619 /* CoreGraphics.framework in Frameworks */,
			);
			runOnlyForDeploymentPostprocessing = 0;
		};
/* End PBXFrameworksBuildPhase section */

/* Begin PBXGroup section */
		F282C10814A1E7EB00E6E619 = {
			isa = PBXGroup;
			children = (
				F27DCD6A14C5FAED00EC38FF /* icon.jpg */,
				F26474C714CA06E200D392BE /* location.png */,
				F26474CB14CA070000D392BE /* map.png */,
				F26474C414CA06D600D392BE /* route.png */,
				F26474CD14CA076200D392BE /* water.png */,
				F26474C914CA06F200D392BE /* map-marker.png */,
				F2480F9F14CC7B5C00882065 /* CoreLocation.framework */,
				F282C13714A1EB8C00E6E619 /* MapKit.framework */,
				F282C11D14A1E7EB00E6E619 /* Trinkwasserbrunnen */,
				F282C11614A1E7EB00E6E619 /* Frameworks */,
				F282C11414A1E7EB00E6E619 /* Products */,
			);
			sourceTree = "<group>";
		};
		F282C11414A1E7EB00E6E619 /* Products */ = {
			isa = PBXGroup;
			children = (
				F282C11314A1E7EB00E6E619 /* Trinkwasserbrunnen.app */,
			);
			name = Products;
			sourceTree = "<group>";
		};
		F282C11614A1E7EB00E6E619 /* Frameworks */ = {
			isa = PBXGroup;
			children = (
				F282C11714A1E7EB00E6E619 /* UIKit.framework */,
				F282C11914A1E7EB00E6E619 /* Foundation.framework */,
				F282C11B14A1E7EB00E6E619 /* CoreGraphics.framework */,
			);
			name = Frameworks;
			sourceTree = "<group>";
		};
		F282C11D14A1E7EB00E6E619 /* Trinkwasserbrunnen */ = {
			isa = PBXGroup;
			children = (
				F288523B14CC4CC800C5A0FC /* JSON */,
				F282C12614A1E7EB00E6E619 /* AppDelegate.h */,
				F282C12714A1E7EB00E6E619 /* AppDelegate.m */,
				F282C12914A1E7EB00E6E619 /* MainStoryboard_iPhone.storyboard */,
				F282C12C14A1E7EB00E6E619 /* MainStoryboard_iPad.storyboard */,
				F282C12F14A1E7EC00E6E619 /* ViewController.h */,
				F282C13014A1E7EC00E6E619 /* ViewController.m */,
				F2BE345714CEC3FE00775CA2 /* Route.h */,
				F2BE345814CEC3FE00775CA2 /* Route.m */,
				F2BE345B14CEC6BF00775CA2 /* Annotation.h */,
				F2BE345C14CEC6BF00775CA2 /* Annotation.m */,
				F2755A9414CF01E200FE92D3 /* Helper.h */,
				F2755A9514CF01E200FE92D3 /* Helper.m */,
				F282C11E14A1E7EB00E6E619 /* Supporting Files */,
			);
			path = Trinkwasserbrunnen;
			sourceTree = "<group>";
		};
		F282C11E14A1E7EB00E6E619 /* Supporting Files */ = {
			isa = PBXGroup;
			children = (
				F28AA4EE14E127B4003F9EFD /* fontains.plist */,
				F282C11F14A1E7EB00E6E619 /* Trinkwasserbrunnen-Info.plist */,
				F282C12014A1E7EB00E6E619 /* InfoPlist.strings */,
				F282C12314A1E7EB00E6E619 /* main.m */,
				F282C12514A1E7EB00E6E619 /* Trinkwasserbrunnen-Prefix.pch */,
			);
			name = "Supporting Files";
			sourceTree = "<group>";
		};
		F288523B14CC4CC800C5A0FC /* JSON */ = {
			isa = PBXGroup;
			children = (
				F288523C14CC4CC800C5A0FC /* NSObject+SBJson.h */,
				F288523D14CC4CC800C5A0FC /* NSObject+SBJson.m */,
				F288523E14CC4CC800C5A0FC /* SBJson.h */,
				F288523F14CC4CC800C5A0FC /* SBJsonParser.h */,
				F288524014CC4CC800C5A0FC /* SBJsonParser.m */,
				F288524114CC4CC800C5A0FC /* SBJsonStreamParser.h */,
				F288524214CC4CC800C5A0FC /* SBJsonStreamParser.m */,
				F288524314CC4CC800C5A0FC /* SBJsonStreamParserAccumulator.h */,
				F288524414CC4CC800C5A0FC /* SBJsonStreamParserAccumulator.m */,
				F288524514CC4CC800C5A0FC /* SBJsonStreamParserAdapter.h */,
				F288524614CC4CC800C5A0FC /* SBJsonStreamParserAdapter.m */,
				F288524714CC4CC800C5A0FC /* SBJsonStreamParserState.h */,
				F288524814CC4CC800C5A0FC /* SBJsonStreamParserState.m */,
				F288524914CC4CC800C5A0FC /* SBJsonStreamWriter.h */,
				F288524A14CC4CC800C5A0FC /* SBJsonStreamWriter.m */,
				F288524B14CC4CC800C5A0FC /* SBJsonStreamWriterAccumulator.h */,
				F288524C14CC4CC800C5A0FC /* SBJsonStreamWriterAccumulator.m */,
				F288524D14CC4CC800C5A0FC /* SBJsonStreamWriterState.h */,
				F288524E14CC4CC800C5A0FC /* SBJsonStreamWriterState.m */,
				F288524F14CC4CC800C5A0FC /* SBJsonTokeniser.h */,
				F288525014CC4CC800C5A0FC /* SBJsonTokeniser.m */,
				F288525114CC4CC800C5A0FC /* SBJsonUTF8Stream.h */,
				F288525214CC4CC800C5A0FC /* SBJsonUTF8Stream.m */,
				F288525314CC4CC800C5A0FC /* SBJsonWriter.h */,
				F288525414CC4CC800C5A0FC /* SBJsonWriter.m */,
			);
			path = JSON;
			sourceTree = "<group>";
		};
/* End PBXGroup section */

/* Begin PBXNativeTarget section */
		F282C11214A1E7EB00E6E619 /* Trinkwasserbrunnen */ = {
			isa = PBXNativeTarget;
			buildConfigurationList = F282C13414A1E7EC00E6E619 /* Build configuration list for PBXNativeTarget "Trinkwasserbrunnen" */;
			buildPhases = (
				F282C10F14A1E7EB00E6E619 /* Sources */,
				F282C11014A1E7EB00E6E619 /* Frameworks */,
				F282C11114A1E7EB00E6E619 /* Resources */,
			);
			buildRules = (
			);
			dependencies = (
			);
			name = Trinkwasserbrunnen;
			productName = Trinkwasserbrunnen;
			productReference = F282C11314A1E7EB00E6E619 /* Trinkwasserbrunnen.app */;
			productType = "com.apple.product-type.application";
		};
/* End PBXNativeTarget section */

/* Begin PBXProject section */
		F282C10A14A1E7EB00E6E619 /* Project object */ = {
			isa = PBXProject;
			attributes = {
				LastUpgradeCheck = 0420;
			};
			buildConfigurationList = F282C10D14A1E7EB00E6E619 /* Build configuration list for PBXProject "Trinkwasserbrunnen" */;
			compatibilityVersion = "Xcode 3.2";
			developmentRegion = English;
			hasScannedForEncodings = 0;
			knownRegions = (
				en,
			);
			mainGroup = F282C10814A1E7EB00E6E619;
			productRefGroup = F282C11414A1E7EB00E6E619 /* Products */;
			projectDirPath = "";
			projectRoot = "";
			targets = (
				F282C11214A1E7EB00E6E619 /* Trinkwasserbrunnen */,
			);
		};
/* End PBXProject section */

/* Begin PBXResourcesBuildPhase section */
		F282C11114A1E7EB00E6E619 /* Resources */ = {
			isa = PBXResourcesBuildPhase;
			buildActionMask = 2147483647;
			files = (
				F282C12214A1E7EB00E6E619 /* InfoPlist.strings in Resources */,
				F282C12B14A1E7EB00E6E619 /* MainStoryboard_iPhone.storyboard in Resources */,
				F282C12E14A1E7EC00E6E619 /* MainStoryboard_iPad.storyboard in Resources */,
				F27DCD6B14C5FAED00EC38FF /* icon.jpg in Resources */,
				F26474C514CA06D600D392BE /* route.png in Resources */,
				F26474C814CA06E200D392BE /* location.png in Resources */,
				F26474CA14CA06F200D392BE /* map-marker.png in Resources */,
				F26474CC14CA070000D392BE /* map.png in Resources */,
				F26474CE14CA076200D392BE /* water.png in Resources */,
				F28AA4EF14E127B4003F9EFD /* fontains.plist in Resources */,
			);
			runOnlyForDeploymentPostprocessing = 0;
		};
/* End PBXResourcesBuildPhase section */

/* Begin PBXSourcesBuildPhase section */
		F282C10F14A1E7EB00E6E619 /* Sources */ = {
			isa = PBXSourcesBuildPhase;
			buildActionMask = 2147483647;
			files = (
				F282C12414A1E7EB00E6E619 /* main.m in Sources */,
				F282C12814A1E7EB00E6E619 /* AppDelegate.m in Sources */,
				F282C13114A1E7EC00E6E619 /* ViewController.m in Sources */,
				F288525514CC4CC800C5A0FC /* NSObject+SBJson.m in Sources */,
				F288525614CC4CC800C5A0FC /* SBJsonParser.m in Sources */,
				F288525714CC4CC800C5A0FC /* SBJsonStreamParser.m in Sources */,
				F288525814CC4CC800C5A0FC /* SBJsonStreamParserAccumulator.m in Sources */,
				F288525914CC4CC800C5A0FC /* SBJsonStreamParserAdapter.m in Sources */,
				F288525A14CC4CC800C5A0FC /* SBJsonStreamParserState.m in Sources */,
				F288525B14CC4CC800C5A0FC /* SBJsonStreamWriter.m in Sources */,
				F288525C14CC4CC800C5A0FC /* SBJsonStreamWriterAccumulator.m in Sources */,
				F288525D14CC4CC800C5A0FC /* SBJsonStreamWriterState.m in Sources */,
				F288525E14CC4CC800C5A0FC /* SBJsonTokeniser.m in Sources */,
				F288525F14CC4CC800C5A0FC /* SBJsonUTF8Stream.m in Sources */,
				F288526014CC4CC800C5A0FC /* SBJsonWriter.m in Sources */,
				F2BE345914CEC3FE00775CA2 /* Route.m in Sources */,
				F2BE345D14CEC6BF00775CA2 /* Annotation.m in Sources */,
				F2755A9614CF01E200FE92D3 /* Helper.m in Sources */,
			);
			runOnlyForDeploymentPostprocessing = 0;
		};
/* End PBXSourcesBuildPhase section */

/* Begin PBXVariantGroup section */
		F282C12014A1E7EB00E6E619 /* InfoPlist.strings */ = {
			isa = PBXVariantGroup;
			children = (
				F282C12114A1E7EB00E6E619 /* en */,
			);
			name = InfoPlist.strings;
			sourceTree = "<group>";
		};
		F282C12914A1E7EB00E6E619 /* MainStoryboard_iPhone.storyboard */ = {
			isa = PBXVariantGroup;
			children = (
				F282C12A14A1E7EB00E6E619 /* en */,
			);
			name = MainStoryboard_iPhone.storyboard;
			sourceTree = "<group>";
		};
		F282C12C14A1E7EB00E6E619 /* MainStoryboard_iPad.storyboard */ = {
			isa = PBXVariantGroup;
			children = (
				F282C12D14A1E7EC00E6E619 /* en */,
			);
			name = MainStoryboard_iPad.storyboard;
			sourceTree = "<group>";
		};
/* End PBXVariantGroup section */

/* Begin XCBuildConfiguration section */
		F282C13214A1E7EC00E6E619 /* Debug */ = {
			isa = XCBuildConfiguration;
			buildSettings = {
				ALWAYS_SEARCH_USER_PATHS = NO;
				ARCHS = "$(ARCHS_STANDARD_32_BIT)";
				CLANG_ENABLE_OBJC_ARC = YES;
				"CODE_SIGN_IDENTITY[sdk=iphoneos*]" = "iPhone Developer";
				COPY_PHASE_STRIP = NO;
				GCC_C_LANGUAGE_STANDARD = gnu99;
				GCC_DYNAMIC_NO_PIC = NO;
				GCC_OPTIMIZATION_LEVEL = 0;
				GCC_PREPROCESSOR_DEFINITIONS = (
					"DEBUG=1",
					"$(inherited)",
				);
				GCC_SYMBOLS_PRIVATE_EXTERN = NO;
				GCC_VERSION = com.apple.compilers.llvm.clang.1_0;
				GCC_WARN_ABOUT_MISSING_PROTOTYPES = YES;
				GCC_WARN_ABOUT_RETURN_TYPE = YES;
				GCC_WARN_UNUSED_VARIABLE = YES;
				IPHONEOS_DEPLOYMENT_TARGET = 5.0;
				SDKROOT = iphoneos;
				TARGETED_DEVICE_FAMILY = "1,2";
			};
			name = Debug;
		};
		F282C13314A1E7EC00E6E619 /* Release */ = {
			isa = XCBuildConfiguration;
			buildSettings = {
				ALWAYS_SEARCH_USER_PATHS = NO;
				ARCHS = "$(ARCHS_STANDARD_32_BIT)";
				CLANG_ENABLE_OBJC_ARC = YES;
				"CODE_SIGN_IDENTITY[sdk=iphoneos*]" = "iPhone Developer";
				COPY_PHASE_STRIP = YES;
				GCC_C_LANGUAGE_STANDARD = gnu99;
				GCC_VERSION = com.apple.compilers.llvm.clang.1_0;
				GCC_WARN_ABOUT_MISSING_PROTOTYPES = YES;
				GCC_WARN_ABOUT_RETURN_TYPE = YES;
				GCC_WARN_UNUSED_VARIABLE = YES;
				IPHONEOS_DEPLOYMENT_TARGET = 5.0;
				OTHER_CFLAGS = "-DNS_BLOCK_ASSERTIONS=1";
				SDKROOT = iphoneos;
				TARGETED_DEVICE_FAMILY = "1,2";
				VALIDATE_PRODUCT = YES;
			};
			name = Release;
		};
		F282C13514A1E7EC00E6E619 /* Debug */ = {
			isa = XCBuildConfiguration;
			buildSettings = {
				GCC_PRECOMPILE_PREFIX_HEADER = YES;
				GCC_PREFIX_HEADER = "Trinkwasserbrunnen/Trinkwasserbrunnen-Prefix.pch";
				INFOPLIST_FILE = "Trinkwasserbrunnen/Trinkwasserbrunnen-Info.plist";
				PRODUCT_NAME = "$(TARGET_NAME)";
				WRAPPER_EXTENSION = app;
			};
			name = Debug;
		};
		F282C13614A1E7EC00E6E619 /* Release */ = {
			isa = XCBuildConfiguration;
			buildSettings = {
				GCC_PRECOMPILE_PREFIX_HEADER = YES;
				GCC_PREFIX_HEADER = "Trinkwasserbrunnen/Trinkwasserbrunnen-Prefix.pch";
				INFOPLIST_FILE = "Trinkwasserbrunnen/Trinkwasserbrunnen-Info.plist";
				PRODUCT_NAME = "$(TARGET_NAME)";
				WRAPPER_EXTENSION = app;
			};
			name = Release;
		};
/* End XCBuildConfiguration section */

/* Begin XCConfigurationList section */
		F282C10D14A1E7EB00E6E619 /* Build configuration list for PBXProject "Trinkwasserbrunnen" */ = {
			isa = XCConfigurationList;
			buildConfigurations = (
				F282C13214A1E7EC00E6E619 /* Debug */,
				F282C13314A1E7EC00E6E619 /* Release */,
			);
			defaultConfigurationIsVisible = 0;
			defaultConfigurationName = Release;
		};
		F282C13414A1E7EC00E6E619 /* Build configuration list for PBXNativeTarget "Trinkwasserbrunnen" */ = {
			isa = XCConfigurationList;
			buildConfigurations = (
				F282C13514A1E7EC00E6E619 /* Debug */,
				F282C13614A1E7EC00E6E619 /* Release */,
			);
			defaultConfigurationIsVisible = 0;
			defaultConfigurationName = Release;
		};
/* End XCConfigurationList section */
	};
	rootObject = F282C10A14A1E7EB00E6E619 /* Project object */;
}
